
Microsoft Visual Studio Solution File, Format Version 12.00
# Visual Studio Version 16
VisualStudioVersion = 16.0.29418.71
MinimumVisualStudioVersion = 10.0.40219.1
Project("{FAE04EC0-301F-11D3-BF4B-00C04F79EFBC}") = "Web_Proje", "Web_Proje\Web_Proje.csproj", "{58036C92-B1C8-4848-87D5-754DABED3152}"
EndProject
Project("{FAE04EC0-301F-11D3-BF4B-00C04F79EFBC}") = "Proje.DataAccess", "Proje.DataAccess\Proje.DataAccess.csproj", "{847E1E4E-84A1-41D0-AA90-41EAF68C1E19}"
EndProject
Project("{FAE04EC0-301F-11D3-BF4B-00C04F79EFBC}") = "Proje.Business", "Proje.Business\Proje.Business.csproj", "{7CBB0314-3BF1-4324-9969-3555985A270F}"
EndProject
Global
	GlobalSection(SolutionConfigurationPlatforms) = preSolution
		Debug|Any CPU = Debug|Any CPU
		Release|Any CPU = Release|Any CPU
	EndGlobalSection
	GlobalSection(ProjectConfigurationPlatforms) = postSolution
		{58036C92-B1C8-4848-87D5-754DABED3152}.Debug|Any CPU.ActiveCfg = Debug|Any CPU
		{58036C92-B1C8-4848-87D5-754DABED3152}.Debug|Any CPU.Build.0 = Debug|Any CPU
		{58036C92-B1C8-4848-87D5-754DABED3152}.Release|Any CPU.ActiveCfg = Release|Any CPU
		{58036C92-B1C8-4848-87D5-754DABED3152}.Release|Any CPU.Build.0 = Release|Any CPU
		{847E1E4E-84A1-41D0-AA90-41EAF68C1E19}.Debug|Any CPU.ActiveCfg = Debug|Any CPU
		{847E1E4E-84A1-41D0-AA90-41EAF68C1E19}.Debug|Any CPU.Build.0 = Debug|Any CPU
		{847E1E4E-84A1-41D0-AA90-41EAF68C1E19}.Release|Any CPU.ActiveCfg = Release|Any CPU
		{847E1E4E-84A1-41D0-AA90-41EAF68C1E19}.Release|Any CPU.Build.0 = Release|Any CPU
		{7CBB0314-3BF1-4324-9969-3555985A270F}.Debug|Any CPU.ActiveCfg = Debug|Any CPU
		{7CBB0314-3BF1-4324-9969-3555985A270F}.Debug|Any CPU.Build.0 = Debug|Any CPU
		{7CBB0314-3BF1-4324-9969-3555985A270F}.Release|Any CPU.ActiveCfg = Release|Any CPU
		{7CBB0314-3BF1-4324-9969-3555985A270F}.Release|Any CPU.Build.0 = Release|Any CPU
	EndGlobalSection
	GlobalSection(SolutionProperties) = preSolution
		HideSolutionNode = FALSE
	EndGlobalSection
	GlobalSection(ExtensibilityGlobals) = postSolution
		SolutionGuid = {5DD81DA2-4C8F-47FA-A90A-1C8FF187E58E}
	EndGlobalSection
EndGlobal
